
Microsoft Visual Studio Solution File, Format Version 12.00
# Visual Studio Version 17
VisualStudioVersion = 17.8.34330.188
MinimumVisualStudioVersion = 10.0.40219.1
Project("{FAE04EC0-301F-11D3-BF4B-00C04F79EFBC}") = "MVCWithEFCF2", "MVCWithEFCF2\MVCWithEFCF2.csproj", "{72364107-E861-4B6B-8C08-D37557E509CC}"
EndProject
Global
	GlobalSection(SolutionConfigurationPlatforms) = preSolution
		Debug|Any CPU = Debug|Any CPU
		Release|Any CPU = Release|Any CPU
	EndGlobalSection
	GlobalSection(ProjectConfigurationPlatforms) = postSolution
		{72364107-E861-4B6B-8C08-D37557E509CC}.Debug|Any CPU.ActiveCfg = Debug|Any CPU
		{72364107-E861-4B6B-8C08-D37557E509CC}.Debug|Any CPU.Build.0 = Debug|Any CPU
		{72364107-E861-4B6B-8C08-D37557E509CC}.Release|Any CPU.ActiveCfg = Release|Any CPU
		{72364107-E861-4B6B-8C08-D37557E509CC}.Release|Any CPU.Build.0 = Release|Any CPU
	EndGlobalSection
	GlobalSection(SolutionProperties) = preSolution
		HideSolutionNode = FALSE
	EndGlobalSection
	GlobalSection(ExtensibilityGlobals) = postSolution
		SolutionGuid = {BC3AA1B6-2284-46E8-B87E-478F030B3A06}
	EndGlobalSection
EndGlobal
